
Microsoft Visual Studio Solution File, Format Version 11.00
# Visual C# Express 2010
Project("{FAE04EC0-301F-11D3-BF4B-00C04F79EFBC}") = "RecipeBook", "RecipeBook\RecipeBook.csproj", "{D4DF0807-B30B-4BAC-8A8F-3B51111CFCBB}"
EndProject
Global
	GlobalSection(SolutionConfigurationPlatforms) = preSolution
		Debug|x86 = Debug|x86
		Release|x86 = Release|x86
	EndGlobalSection
	GlobalSection(ProjectConfigurationPlatforms) = postSolution
		{D4DF0807-B30B-4BAC-8A8F-3B51111CFCBB}.Debug|x86.ActiveCfg = Debug|x86
		{D4DF0807-B30B-4BAC-8A8F-3B51111CFCBB}.Debug|x86.Build.0 = Debug|x86
		{D4DF0807-B30B-4BAC-8A8F-3B51111CFCBB}.Release|x86.ActiveCfg = Release|x86
		{D4DF0807-B30B-4BAC-8A8F-3B51111CFCBB}.Release|x86.Build.0 = Release|x86
	EndGlobalSection
	GlobalSection(SolutionProperties) = preSolution
		HideSolutionNode = FALSE
	EndGlobalSection
EndGlobal
